// !$*UTF8*$!
{
	archiveVersion = 1;
	classes = {
	};
	objectVersion = 52;
	objects = {

/* Begin PBXBuildFile section */
		F3A1A433244F902800E9C898 /* AppDelegate.swift in Sources */ = {isa = PBXBuildFile; fileRef = F3A1A432244F902800E9C898 /* AppDelegate.swift */; };
		F3A1A435244F902800E9C898 /* SceneDelegate.swift in Sources */ = {isa = PBXBuildFile; fileRef = F3A1A434244F902800E9C898 /* SceneDelegate.swift */; };
		F3A1A438244F902800E9C898 /* RoboDonor.xcdatamodeld in Sources */ = {isa = PBXBuildFile; fileRef = F3A1A436244F902800E9C898 /* RoboDonor.xcdatamodeld */; };
		F3A1A43A244F902800E9C898 /* ContentView.swift in Sources */ = {isa = PBXBuildFile; fileRef = F3A1A439244F902800E9C898 /* ContentView.swift */; };
		F3A1A43C244F902A00E9C898 /* Assets.xcassets in Resources */ = {isa = PBXBuildFile; fileRef = F3A1A43B244F902A00E9C898 /* Assets.xcassets */; };
		F3A1A43F244F902A00E9C898 /* Preview Assets.xcassets in Resources */ = {isa = PBXBuildFile; fileRef = F3A1A43E244F902A00E9C898 /* Preview Assets.xcassets */; };
		F3A1A442244F902A00E9C898 /* LaunchScreen.storyboard in Resources */ = {isa = PBXBuildFile; fileRef = F3A1A440244F902A00E9C898 /* LaunchScreen.storyboard */; };
		F3A1A44B244F947900E9C898 /* TabFunds.swift in Sources */ = {isa = PBXBuildFile; fileRef = F3A1A44A244F947900E9C898 /* TabFunds.swift */; };
		F3A1A44D244F94B500E9C898 /* TabNews.swift in Sources */ = {isa = PBXBuildFile; fileRef = F3A1A44C244F94B500E9C898 /* TabNews.swift */; };
		F3A1A452244F950C00E9C898 /* TabProfile.swift in Sources */ = {isa = PBXBuildFile; fileRef = F3A1A451244F950C00E9C898 /* TabProfile.swift */; };
		F3A1A456244FB2F700E9C898 /* Article.swift in Sources */ = {isa = PBXBuildFile; fileRef = F3A1A455244FB2F700E9C898 /* Article.swift */; };
		F3A1A458244FB35600E9C898 /* Fund.swift in Sources */ = {isa = PBXBuildFile; fileRef = F3A1A457244FB35600E9C898 /* Fund.swift */; };
		F3A1A45B244FB7E600E9C898 /* Extensions.swift in Sources */ = {isa = PBXBuildFile; fileRef = F3A1A45A244FB7E600E9C898 /* Extensions.swift */; };
		F3A1A45D244FB8B200E9C898 /* NetworkManager.swift in Sources */ = {isa = PBXBuildFile; fileRef = F3A1A45C244FB8B200E9C898 /* NetworkManager.swift */; };
		F3DC4F1D24501E1400FC9FBF /* KingfisherStatic in Frameworks */ = {isa = PBXBuildFile; productRef = F3DC4F1C24501E1400FC9FBF /* KingfisherStatic */; };
		F3DC4F1F24501E1400FC9FBF /* KingfisherSwiftUIStatic in Frameworks */ = {isa = PBXBuildFile; productRef = F3DC4F1E24501E1400FC9FBF /* KingfisherSwiftUIStatic */; };
		F3DC4F2124501E1400FC9FBF /* KingfisherDynamic in Frameworks */ = {isa = PBXBuildFile; productRef = F3DC4F2024501E1400FC9FBF /* KingfisherDynamic */; };
		F3DC4F2224501E1400FC9FBF /* KingfisherDynamic in Embed Frameworks */ = {isa = PBXBuildFile; productRef = F3DC4F2024501E1400FC9FBF /* KingfisherDynamic */; settings = {ATTRIBUTES = (CodeSignOnCopy, ); }; };
		F3DC4F2424501E1400FC9FBF /* Kingfisher in Frameworks */ = {isa = PBXBuildFile; productRef = F3DC4F2324501E1400FC9FBF /* Kingfisher */; };
		F3DC4F2624501E1400FC9FBF /* KingfisherSwiftUIDynamic in Frameworks */ = {isa = PBXBuildFile; productRef = F3DC4F2524501E1400FC9FBF /* KingfisherSwiftUIDynamic */; };
		F3DC4F2724501E1400FC9FBF /* KingfisherSwiftUIDynamic in Embed Frameworks */ = {isa = PBXBuildFile; productRef = F3DC4F2524501E1400FC9FBF /* KingfisherSwiftUIDynamic */; settings = {ATTRIBUTES = (CodeSignOnCopy, ); }; };
		F3DC4F2924501E1400FC9FBF /* KingfisherSwiftUI in Frameworks */ = {isa = PBXBuildFile; productRef = F3DC4F2824501E1400FC9FBF /* KingfisherSwiftUI */; };
/* End PBXBuildFile section */

/* Begin PBXCopyFilesBuildPhase section */
		F3DC4F2A24501E1400FC9FBF /* Embed Frameworks */ = {
			isa = PBXCopyFilesBuildPhase;
			buildActionMask = 2147483647;
			dstPath = "";
			dstSubfolderSpec = 10;
			files = (
				F3DC4F2724501E1400FC9FBF /* KingfisherSwiftUIDynamic in Embed Frameworks */,
				F3DC4F2224501E1400FC9FBF /* KingfisherDynamic in Embed Frameworks */,
			);
			name = "Embed Frameworks";
			runOnlyForDeploymentPostprocessing = 0;
		};
/* End PBXCopyFilesBuildPhase section */

/* Begin PBXFileReference section */
		F3A1A42F244F902800E9C898 /* RoboDonor.app */ = {isa = PBXFileReference; explicitFileType = wrapper.application; includeInIndex = 0; path = RoboDonor.app; sourceTree = BUILT_PRODUCTS_DIR; };
		F3A1A432244F902800E9C898 /* AppDelegate.swift */ = {isa = PBXFileReference; lastKnownFileType = sourcecode.swift; path = AppDelegate.swift; sourceTree = "<group>"; };
		F3A1A434244F902800E9C898 /* SceneDelegate.swift */ = {isa = PBXFileReference; lastKnownFileType = sourcecode.swift; path = SceneDelegate.swift; sourceTree = "<group>"; };
		F3A1A437244F902800E9C898 /* RoboDonor.xcdatamodel */ = {isa = PBXFileReference; lastKnownFileType = wrapper.xcdatamodel; path = RoboDonor.xcdatamodel; sourceTree = "<group>"; };
		F3A1A439244F902800E9C898 /* ContentView.swift */ = {isa = PBXFileReference; lastKnownFileType = sourcecode.swift; path = ContentView.swift; sourceTree = "<group>"; };
		F3A1A43B244F902A00E9C898 /* Assets.xcassets */ = {isa = PBXFileReference; lastKnownFileType = folder.assetcatalog; path = Assets.xcassets; sourceTree = "<group>"; };
		F3A1A43E244F902A00E9C898 /* Preview Assets.xcassets */ = {isa = PBXFileReference; lastKnownFileType = folder.assetcatalog; path = "Preview Assets.xcassets"; sourceTree = "<group>"; };
		F3A1A441244F902A00E9C898 /* Base */ = {isa = PBXFileReference; lastKnownFileType = file.storyboard; name = Base; path = Base.lproj/LaunchScreen.storyboard; sourceTree = "<group>"; };
		F3A1A443244F902A00E9C898 /* Info.plist */ = {isa = PBXFileReference; lastKnownFileType = text.plist.xml; path = Info.plist; sourceTree = "<group>"; };
		F3A1A44A244F947900E9C898 /* TabFunds.swift */ = {isa = PBXFileReference; lastKnownFileType = sourcecode.swift; path = TabFunds.swift; sourceTree = "<group>"; };
		F3A1A44C244F94B500E9C898 /* TabNews.swift */ = {isa = PBXFileReference; lastKnownFileType = sourcecode.swift; path = TabNews.swift; sourceTree = "<group>"; };
		F3A1A451244F950C00E9C898 /* TabProfile.swift */ = {isa = PBXFileReference; lastKnownFileType = sourcecode.swift; path = TabProfile.swift; sourceTree = "<group>"; };
		F3A1A455244FB2F700E9C898 /* Article.swift */ = {isa = PBXFileReference; lastKnownFileType = sourcecode.swift; path = Article.swift; sourceTree = "<group>"; };
		F3A1A457244FB35600E9C898 /* Fund.swift */ = {isa = PBXFileReference; lastKnownFileType = sourcecode.swift; path = Fund.swift; sourceTree = "<group>"; };
		F3A1A459244FB62C00E9C898 /* todo.md */ = {isa = PBXFileReference; lastKnownFileType = net.daringfireball.markdown; path = todo.md; sourceTree = "<group>"; };
		F3A1A45A244FB7E600E9C898 /* Extensions.swift */ = {isa = PBXFileReference; lastKnownFileType = sourcecode.swift; path = Extensions.swift; sourceTree = "<group>"; };
		F3A1A45C244FB8B200E9C898 /* NetworkManager.swift */ = {isa = PBXFileReference; lastKnownFileType = sourcecode.swift; path = NetworkManager.swift; sourceTree = "<group>"; };
/* End PBXFileReference section */

/* Begin PBXFrameworksBuildPhase section */
		F3A1A42C244F902800E9C898 /* Frameworks */ = {
			isa = PBXFrameworksBuildPhase;
			buildActionMask = 2147483647;
			files = (
				F3DC4F2924501E1400FC9FBF /* KingfisherSwiftUI in Frameworks */,
				F3DC4F2624501E1400FC9FBF /* KingfisherSwiftUIDynamic in Frameworks */,
				F3DC4F2424501E1400FC9FBF /* Kingfisher in Frameworks */,
				F3DC4F1F24501E1400FC9FBF /* KingfisherSwiftUIStatic in Frameworks */,
				F3DC4F2124501E1400FC9FBF /* KingfisherDynamic in Frameworks */,
				F3DC4F1D24501E1400FC9FBF /* KingfisherStatic in Frameworks */,
			);
			runOnlyForDeploymentPostprocessing = 0;
		};
/* End PBXFrameworksBuildPhase section */

/* Begin PBXGroup section */
		F3A1A426244F902800E9C898 = {
			isa = PBXGroup;
			children = (
				F3A1A459244FB62C00E9C898 /* todo.md */,
				F3A1A431244F902800E9C898 /* RoboDonor */,
				F3A1A430244F902800E9C898 /* Products */,
			);
			sourceTree = "<group>";
		};
		F3A1A430244F902800E9C898 /* Products */ = {
			isa = PBXGroup;
			children = (
				F3A1A42F244F902800E9C898 /* RoboDonor.app */,
			);
			name = Products;
			sourceTree = "<group>";
		};
		F3A1A431244F902800E9C898 /* RoboDonor */ = {
			isa = PBXGroup;
			children = (
				F3A1A450244F94E000E9C898 /* Library */,
				F3A1A44F244F94CB00E9C898 /* Data */,
				F3A1A44E244F94C400E9C898 /* Models */,
				F3A1A449244F946A00E9C898 /* Tabs */,
				F3A1A432244F902800E9C898 /* AppDelegate.swift */,
				F3A1A434244F902800E9C898 /* SceneDelegate.swift */,
				F3A1A439244F902800E9C898 /* ContentView.swift */,
				F3A1A45C244FB8B200E9C898 /* NetworkManager.swift */,
				F3A1A43B244F902A00E9C898 /* Assets.xcassets */,
				F3A1A440244F902A00E9C898 /* LaunchScreen.storyboard */,
				F3A1A443244F902A00E9C898 /* Info.plist */,
				F3A1A436244F902800E9C898 /* RoboDonor.xcdatamodeld */,
				F3A1A43D244F902A00E9C898 /* Preview Content */,
			);
			path = RoboDonor;
			sourceTree = "<group>";
		};
		F3A1A43D244F902A00E9C898 /* Preview Content */ = {
			isa = PBXGroup;
			children = (
				F3A1A43E244F902A00E9C898 /* Preview Assets.xcassets */,
			);
			path = "Preview Content";
			sourceTree = "<group>";
		};
		F3A1A449244F946A00E9C898 /* Tabs */ = {
			isa = PBXGroup;
			children = (
				F3A1A44A244F947900E9C898 /* TabFunds.swift */,
				F3A1A44C244F94B500E9C898 /* TabNews.swift */,
				F3A1A451244F950C00E9C898 /* TabProfile.swift */,
			);
			path = Tabs;
			sourceTree = "<group>";
		};
		F3A1A44E244F94C400E9C898 /* Models */ = {
			isa = PBXGroup;
			children = (
				F3A1A455244FB2F700E9C898 /* Article.swift */,
				F3A1A457244FB35600E9C898 /* Fund.swift */,
			);
			path = Models;
			sourceTree = "<group>";
		};
		F3A1A44F244F94CB00E9C898 /* Data */ = {
			isa = PBXGroup;
			children = (
			);
			path = Data;
			sourceTree = "<group>";
		};
		F3A1A450244F94E000E9C898 /* Library */ = {
			isa = PBXGroup;
			children = (
				F3A1A45A244FB7E600E9C898 /* Extensions.swift */,
			);
			path = Library;
			sourceTree = "<group>";
		};
/* End PBXGroup section */

/* Begin PBXNativeTarget section */
		F3A1A42E244F902800E9C898 /* RoboDonor */ = {
			isa = PBXNativeTarget;
			buildConfigurationList = F3A1A446244F902A00E9C898 /* Build configuration list for PBXNativeTarget "RoboDonor" */;
			buildPhases = (
				F3A1A42B244F902800E9C898 /* Sources */,
				F3A1A42C244F902800E9C898 /* Frameworks */,
				F3A1A42D244F902800E9C898 /* Resources */,
				F3DC4F2A24501E1400FC9FBF /* Embed Frameworks */,
			);
			buildRules = (
			);
			dependencies = (
			);
			name = RoboDonor;
			packageProductDependencies = (
				F3DC4F1C24501E1400FC9FBF /* KingfisherStatic */,
				F3DC4F1E24501E1400FC9FBF /* KingfisherSwiftUIStatic */,
				F3DC4F2024501E1400FC9FBF /* KingfisherDynamic */,
				F3DC4F2324501E1400FC9FBF /* Kingfisher */,
				F3DC4F2524501E1400FC9FBF /* KingfisherSwiftUIDynamic */,
				F3DC4F2824501E1400FC9FBF /* KingfisherSwiftUI */,
			);
			productName = RoboDonor;
			productReference = F3A1A42F244F902800E9C898 /* RoboDonor.app */;
			productType = "com.apple.product-type.application";
		};
/* End PBXNativeTarget section */

/* Begin PBXProject section */
		F3A1A427244F902800E9C898 /* Project object */ = {
			isa = PBXProject;
			attributes = {
				LastSwiftUpdateCheck = 1140;
				LastUpgradeCheck = 1140;
				ORGANIZATIONNAME = "Adam Braus";
				TargetAttributes = {
					F3A1A42E244F902800E9C898 = {
						CreatedOnToolsVersion = 11.4.1;
					};
				};
			};
			buildConfigurationList = F3A1A42A244F902800E9C898 /* Build configuration list for PBXProject "RoboDonor" */;
			compatibilityVersion = "Xcode 9.3";
			developmentRegion = en;
			hasScannedForEncodings = 0;
			knownRegions = (
				en,
				Base,
			);
			mainGroup = F3A1A426244F902800E9C898;
			packageReferences = (
				F3DC4F1B24501E1400FC9FBF /* XCRemoteSwiftPackageReference "Kingfisher" */,
			);
			productRefGroup = F3A1A430244F902800E9C898 /* Products */;
			projectDirPath = "";
			projectRoot = "";
			targets = (
				F3A1A42E244F902800E9C898 /* RoboDonor */,
			);
		};
/* End PBXProject section */

/* Begin PBXResourcesBuildPhase section */
		F3A1A42D244F902800E9C898 /* Resources */ = {
			isa = PBXResourcesBuildPhase;
			buildActionMask = 2147483647;
			files = (
				F3A1A442244F902A00E9C898 /* LaunchScreen.storyboard in Resources */,
				F3A1A43F244F902A00E9C898 /* Preview Assets.xcassets in Resources */,
				F3A1A43C244F902A00E9C898 /* Assets.xcassets in Resources */,
			);
			runOnlyForDeploymentPostprocessing = 0;
		};
/* End PBXResourcesBuildPhase section */

/* Begin PBXSourcesBuildPhase section */
		F3A1A42B244F902800E9C898 /* Sources */ = {
			isa = PBXSourcesBuildPhase;
			buildActionMask = 2147483647;
			files = (
				F3A1A433244F902800E9C898 /* AppDelegate.swift in Sources */,
				F3A1A438244F902800E9C898 /* RoboDonor.xcdatamodeld in Sources */,
				F3A1A44D244F94B500E9C898 /* TabNews.swift in Sources */,
				F3A1A458244FB35600E9C898 /* Fund.swift in Sources */,
				F3A1A45D244FB8B200E9C898 /* NetworkManager.swift in Sources */,
				F3A1A44B244F947900E9C898 /* TabFunds.swift in Sources */,
				F3A1A45B244FB7E600E9C898 /* Extensions.swift in Sources */,
				F3A1A456244FB2F700E9C898 /* Article.swift in Sources */,
				F3A1A452244F950C00E9C898 /* TabProfile.swift in Sources */,
				F3A1A43A244F902800E9C898 /* ContentView.swift in Sources */,
				F3A1A435244F902800E9C898 /* SceneDelegate.swift in Sources */,
			);
			runOnlyForDeploymentPostprocessing = 0;
		};
/* End PBXSourcesBuildPhase section */

/* Begin PBXVariantGroup section */
		F3A1A440244F902A00E9C898 /* LaunchScreen.storyboard */ = {
			isa = PBXVariantGroup;
			children = (
				F3A1A441244F902A00E9C898 /* Base */,
			);
			name = LaunchScreen.storyboard;
			sourceTree = "<group>";
		};
/* End PBXVariantGroup section */

/* Begin XCBuildConfiguration section */
		F3A1A444244F902A00E9C898 /* Debug */ = {
			isa = XCBuildConfiguration;
			buildSettings = {
				ALWAYS_SEARCH_USER_PATHS = NO;
				CLANG_ANALYZER_NONNULL = YES;
				CLANG_ANALYZER_NUMBER_OBJECT_CONVERSION = YES_AGGRESSIVE;
				CLANG_CXX_LANGUAGE_STANDARD = "gnu++14";
				CLANG_CXX_LIBRARY = "libc++";
				CLANG_ENABLE_MODULES = YES;
				CLANG_ENABLE_OBJC_ARC = YES;
				CLANG_ENABLE_OBJC_WEAK = YES;
				CLANG_WARN_BLOCK_CAPTURE_AUTORELEASING = YES;
				CLANG_WARN_BOOL_CONVERSION = YES;
				CLANG_WARN_COMMA = YES;
				CLANG_WARN_CONSTANT_CONVERSION = YES;
				CLANG_WARN_DEPRECATED_OBJC_IMPLEMENTATIONS = YES;
				CLANG_WARN_DIRECT_OBJC_ISA_USAGE = YES_ERROR;
				CLANG_WARN_DOCUMENTATION_COMMENTS = YES;
				CLANG_WARN_EMPTY_BODY = YES;
				CLANG_WARN_ENUM_CONVERSION = YES;
				CLANG_WARN_INFINITE_RECURSION = YES;
				CLANG_WARN_INT_CONVERSION = YES;
				CLANG_WARN_NON_LITERAL_NULL_CONVERSION = YES;
				CLANG_WARN_OBJC_IMPLICIT_RETAIN_SELF = YES;
				CLANG_WARN_OBJC_LITERAL_CONVERSION = YES;
				CLANG_WARN_OBJC_ROOT_CLASS = YES_ERROR;
				CLANG_WARN_RANGE_LOOP_ANALYSIS = YES;
				CLANG_WARN_STRICT_PROTOTYPES = YES;
				CLANG_WARN_SUSPICIOUS_MOVE = YES;
				CLANG_WARN_UNGUARDED_AVAILABILITY = YES_AGGRESSIVE;
				CLANG_WARN_UNREACHABLE_CODE = YES;
				CLANG_WARN__DUPLICATE_METHOD_MATCH = YES;
				COPY_PHASE_STRIP = NO;
				DEBUG_INFORMATION_FORMAT = dwarf;
				ENABLE_STRICT_OBJC_MSGSEND = YES;
				ENABLE_TESTABILITY = YES;
				GCC_C_LANGUAGE_STANDARD = gnu11;
				GCC_DYNAMIC_NO_PIC = NO;
				GCC_NO_COMMON_BLOCKS = YES;
				GCC_OPTIMIZATION_LEVEL = 0;
				GCC_PREPROCESSOR_DEFINITIONS = (
					"DEBUG=1",
					"$(inherited)",
				);
				GCC_WARN_64_TO_32_BIT_CONVERSION = YES;
				GCC_WARN_ABOUT_RETURN_TYPE = YES_ERROR;
				GCC_WARN_UNDECLARED_SELECTOR = YES;
				GCC_WARN_UNINITIALIZED_AUTOS = YES_AGGRESSIVE;
				GCC_WARN_UNUSED_FUNCTION = YES;
				GCC_WARN_UNUSED_VARIABLE = YES;
				IPHONEOS_DEPLOYMENT_TARGET = 13.4;
				MTL_ENABLE_DEBUG_INFO = INCLUDE_SOURCE;
				MTL_FAST_MATH = YES;
				ONLY_ACTIVE_ARCH = YES;
				SDKROOT = iphoneos;
				SWIFT_ACTIVE_COMPILATION_CONDITIONS = DEBUG;
				SWIFT_OPTIMIZATION_LEVEL = "-Onone";
			};
			name = Debug;
		};
		F3A1A445244F902A00E9C898 /* Release */ = {
			isa = XCBuildConfiguration;
			buildSettings = {
				ALWAYS_SEARCH_USER_PATHS = NO;
				CLANG_ANALYZER_NONNULL = YES;
				CLANG_ANALYZER_NUMBER_OBJECT_CONVERSION = YES_AGGRESSIVE;
				CLANG_CXX_LANGUAGE_STANDARD = "gnu++14";
				CLANG_CXX_LIBRARY = "libc++";
				CLANG_ENABLE_MODULES = YES;
				CLANG_ENABLE_OBJC_ARC = YES;
				CLANG_ENABLE_OBJC_WEAK = YES;
				CLANG_WARN_BLOCK_CAPTURE_AUTORELEASING = YES;
				CLANG_WARN_BOOL_CONVERSION = YES;
				CLANG_WARN_COMMA = YES;
				CLANG_WARN_CONSTANT_CONVERSION = YES;
				CLANG_WARN_DEPRECATED_OBJC_IMPLEMENTATIONS = YES;
				CLANG_WARN_DIRECT_OBJC_ISA_USAGE = YES_ERROR;
				CLANG_WARN_DOCUMENTATION_COMMENTS = YES;
				CLANG_WARN_EMPTY_BODY = YES;
				CLANG_WARN_ENUM_CONVERSION = YES;
				CLANG_WARN_INFINITE_RECURSION = YES;
				CLANG_WARN_INT_CONVERSION = YES;
				CLANG_WARN_NON_LITERAL_NULL_CONVERSION = YES;
				CLANG_WARN_OBJC_IMPLICIT_RETAIN_SELF = YES;
				CLANG_WARN_OBJC_LITERAL_CONVERSION = YES;
				CLANG_WARN_OBJC_ROOT_CLASS = YES_ERROR;
				CLANG_WARN_RANGE_LOOP_ANALYSIS = YES;
				CLANG_WARN_STRICT_PROTOTYPES = YES;
				CLANG_WARN_SUSPICIOUS_MOVE = YES;
				CLANG_WARN_UNGUARDED_AVAILABILITY = YES_AGGRESSIVE;
				CLANG_WARN_UNREACHABLE_CODE = YES;
				CLANG_WARN__DUPLICATE_METHOD_MATCH = YES;
				COPY_PHASE_STRIP = NO;
				DEBUG_INFORMATION_FORMAT = "dwarf-with-dsym";
				ENABLE_NS_ASSERTIONS = NO;
				ENABLE_STRICT_OBJC_MSGSEND = YES;
				GCC_C_LANGUAGE_STANDARD = gnu11;
				GCC_NO_COMMON_BLOCKS = YES;
				GCC_WARN_64_TO_32_BIT_CONVERSION = YES;
				GCC_WARN_ABOUT_RETURN_TYPE = YES_ERROR;
				GCC_WARN_UNDECLARED_SELECTOR = YES;
				GCC_WARN_UNINITIALIZED_AUTOS = YES_AGGRESSIVE;
				GCC_WARN_UNUSED_FUNCTION = YES;
				GCC_WARN_UNUSED_VARIABLE = YES;
				IPHONEOS_DEPLOYMENT_TARGET = 13.4;
				MTL_ENABLE_DEBUG_INFO = NO;
				MTL_FAST_MATH = YES;
				SDKROOT = iphoneos;
				SWIFT_COMPILATION_MODE = wholemodule;
				SWIFT_OPTIMIZATION_LEVEL = "-O";
				VALIDATE_PRODUCT = YES;
			};
			name = Release;
		};
		F3A1A447244F902A00E9C898 /* Debug */ = {
			isa = XCBuildConfiguration;
			buildSettings = {
				ASSETCATALOG_COMPILER_APPICON_NAME = AppIcon;
				CODE_SIGN_STYLE = Automatic;
				DEVELOPMENT_ASSET_PATHS = "\"RoboDonor/Preview Content\"";
				DEVELOPMENT_TEAM = DLG42ZYHYE;
				ENABLE_PREVIEWS = YES;
				INFOPLIST_FILE = RoboDonor/Info.plist;
				LD_RUNPATH_SEARCH_PATHS = (
					"$(inherited)",
					"@executable_path/Frameworks",
				);
				PRODUCT_BUNDLE_IDENTIFIER = com.adambraus.RoboDonor;
				PRODUCT_NAME = "$(TARGET_NAME)";
				SWIFT_VERSION = 5.0;
				TARGETED_DEVICE_FAMILY = "1,2";
			};
			name = Debug;
		};
		F3A1A448244F902A00E9C898 /* Release */ = {
			isa = XCBuildConfiguration;
			buildSettings = {
				ASSETCATALOG_COMPILER_APPICON_NAME = AppIcon;
				CODE_SIGN_STYLE = Automatic;
				DEVELOPMENT_ASSET_PATHS = "\"RoboDonor/Preview Content\"";
				DEVELOPMENT_TEAM = DLG42ZYHYE;
				ENABLE_PREVIEWS = YES;
				INFOPLIST_FILE = RoboDonor/Info.plist;
				LD_RUNPATH_SEARCH_PATHS = (
					"$(inherited)",
					"@executable_path/Frameworks",
				);
				PRODUCT_BUNDLE_IDENTIFIER = com.adambraus.RoboDonor;
				PRODUCT_NAME = "$(TARGET_NAME)";
				SWIFT_VERSION = 5.0;
				TARGETED_DEVICE_FAMILY = "1,2";
			};
			name = Release;
		};
/* End XCBuildConfiguration section */

/* Begin XCConfigurationList section */
		F3A1A42A244F902800E9C898 /* Build configuration list for PBXProject "RoboDonor" */ = {
			isa = XCConfigurationList;
			buildConfigurations = (
				F3A1A444244F902A00E9C898 /* Debug */,
				F3A1A445244F902A00E9C898 /* Release */,
			);
			defaultConfigurationIsVisible = 0;
			defaultConfigurationName = Release;
		};
		F3A1A446244F902A00E9C898 /* Build configuration list for PBXNativeTarget "RoboDonor" */ = {
			isa = XCConfigurationList;
			buildConfigurations = (
				F3A1A447244F902A00E9C898 /* Debug */,
				F3A1A448244F902A00E9C898 /* Release */,
			);
			defaultConfigurationIsVisible = 0;
			defaultConfigurationName = Release;
		};
/* End XCConfigurationList section */

/* Begin XCRemoteSwiftPackageReference section */
		F3DC4F1B24501E1400FC9FBF /* XCRemoteSwiftPackageReference "Kingfisher" */ = {
			isa = XCRemoteSwiftPackageReference;
			repositoryURL = "https://github.com/onevcat/Kingfisher.git";
			requirement = {
				kind = upToNextMajorVersion;
				minimumVersion = 5.8.0;
			};
		};
/* End XCRemoteSwiftPackageReference section */

/* Begin XCSwiftPackageProductDependency section */
		F3DC4F1C24501E1400FC9FBF /* KingfisherStatic */ = {
			isa = XCSwiftPackageProductDependency;
			package = F3DC4F1B24501E1400FC9FBF /* XCRemoteSwiftPackageReference "Kingfisher" */;
			productName = KingfisherStatic;
		};
		F3DC4F1E24501E1400FC9FBF /* KingfisherSwiftUIStatic */ = {
			isa = XCSwiftPackageProductDependency;
			package = F3DC4F1B24501E1400FC9FBF /* XCRemoteSwiftPackageReference "Kingfisher" */;
			productName = KingfisherSwiftUIStatic;
		};
		F3DC4F2024501E1400FC9FBF /* KingfisherDynamic */ = {
			isa = XCSwiftPackageProductDependency;
			package = F3DC4F1B24501E1400FC9FBF /* XCRemoteSwiftPackageReference "Kingfisher" */;
			productName = KingfisherDynamic;
		};
		F3DC4F2324501E1400FC9FBF /* Kingfisher */ = {
			isa = XCSwiftPackageProductDependency;
			package = F3DC4F1B24501E1400FC9FBF /* XCRemoteSwiftPackageReference "Kingfisher" */;
			productName = Kingfisher;
		};
		F3DC4F2524501E1400FC9FBF /* KingfisherSwiftUIDynamic */ = {
			isa = XCSwiftPackageProductDependency;
			package = F3DC4F1B24501E1400FC9FBF /* XCRemoteSwiftPackageReference "Kingfisher" */;
			productName = KingfisherSwiftUIDynamic;
		};
		F3DC4F2824501E1400FC9FBF /* KingfisherSwiftUI */ = {
			isa = XCSwiftPackageProductDependency;
			package = F3DC4F1B24501E1400FC9FBF /* XCRemoteSwiftPackageReference "Kingfisher" */;
			productName = KingfisherSwiftUI;
		};
/* End XCSwiftPackageProductDependency section */

/* Begin XCVersionGroup section */
		F3A1A436244F902800E9C898 /* RoboDonor.xcdatamodeld */ = {
			isa = XCVersionGroup;
			children = (
				F3A1A437244F902800E9C898 /* RoboDonor.xcdatamodel */,
			);
			currentVersion = F3A1A437244F902800E9C898 /* RoboDonor.xcdatamodel */;
			path = RoboDonor.xcdatamodeld;
			sourceTree = "<group>";
			versionGroupType = wrapper.xcdatamodel;
		};
/* End XCVersionGroup section */
	};
	rootObject = F3A1A427244F902800E9C898 /* Project object */;
}
